hash: adf9e3a540725db2833f329c99de83b5c45b73549e9bd657196c4c47fa0e1500
updated: 2018-04-02T16:04:53.820641-04:00
imports:
- name: github.com/rwcarlsen/goexif
  version: 17202558c8d9c3fd047859f1a5e73fd9ae709187
  subpackages:
  - exif
  - tiff
- name: github.com/urfave/cli
  version: cfb38830724cc34fedffe9a2a29fb54fa9169cd1
- name: gopkg.in/h2non/filetype.v1
  version: cc14fdc9ca0e4c2bafad7458f6ff79fd3947cfbb
  subpackages:
  - matchers
  - types
testImports: []
